
Microsoft Visual Studio Solution File, Format Version 12.00
# Visual Studio Version 17
VisualStudioVersion = 17.5.002.0
MinimumVisualStudioVersion = 10.0.40219.1
Project("{9A19103F-16F7-4668-BE54-9A1E7A4F7556}") = "youtube-converter", "youtube-converter.csproj", "{23C0B3C1-1D46-4324-8844-A63C9B9CC430}"
EndProject
Global
	GlobalSection(SolutionConfigurationPlatforms) = preSolution
		Debug|Any CPU = Debug|Any CPU
		Release|Any CPU = Release|Any CPU
	EndGlobalSection
	GlobalSection(ProjectConfigurationPlatforms) = postSolution
		{23C0B3C1-1D46-4324-8844-A63C9B9CC430}.Debug|Any CPU.ActiveCfg = Debug|Any CPU
		{23C0B3C1-1D46-4324-8844-A63C9B9CC430}.Debug|Any CPU.Build.0 = Debug|Any CPU
		{23C0B3C1-1D46-4324-8844-A63C9B9CC430}.Release|Any CPU.ActiveCfg = Release|Any CPU
		{23C0B3C1-1D46-4324-8844-A63C9B9CC430}.Release|Any CPU.Build.0 = Release|Any CPU
	EndGlobalSection
	GlobalSection(SolutionProperties) = preSolution
		HideSolutionNode = FALSE
	EndGlobalSection
	GlobalSection(ExtensibilityGlobals) = postSolution
		SolutionGuid = {BE9779A9-60DA-43D0-8AC7-54C3F9D661A4}
	EndGlobalSection
EndGlobal
